
Microsoft Visual Studio Solution File, Format Version 12.00
# Visual Studio 15
VisualStudioVersion = 15.0.28307.1267
MinimumVisualStudioVersion = 10.0.40219.1
Project("{FAE04EC0-301F-11D3-BF4B-00C04F79EFBC}") = "Generic3", "Generic3\Generic3.csproj", "{5669CFC7-D6CD-467D-BBD0-B9D7CC707DA3}"
EndProject
Global
	GlobalSection(SolutionConfigurationPlatforms) = preSolution
		Debug|Any CPU = Debug|Any CPU
		Release|Any CPU = Release|Any CPU
	EndGlobalSection
	GlobalSection(ProjectConfigurationPlatforms) = postSolution
		{5669CFC7-D6CD-467D-BBD0-B9D7CC707DA3}.Debug|Any CPU.ActiveCfg = Debug|Any CPU
		{5669CFC7-D6CD-467D-BBD0-B9D7CC707DA3}.Debug|Any CPU.Build.0 = Debug|Any CPU
		{5669CFC7-D6CD-467D-BBD0-B9D7CC707DA3}.Release|Any CPU.ActiveCfg = Release|Any CPU
		{5669CFC7-D6CD-467D-BBD0-B9D7CC707DA3}.Release|Any CPU.Build.0 = Release|Any CPU
	EndGlobalSection
	GlobalSection(SolutionProperties) = preSolution
		HideSolutionNode = FALSE
	EndGlobalSection
	GlobalSection(ExtensibilityGlobals) = postSolution
		SolutionGuid = {84861F11-E61F-438A-99E4-A538E85ADA0E}
	EndGlobalSection
EndGlobal
